
Microsoft Visual Studio Solution File, Format Version 12.00
# Visual Studio Version 17
VisualStudioVersion = 17.14.36408.4 d17.14
MinimumVisualStudioVersion = 10.0.40219.1
Project("{FAE04EC0-301F-11D3-BF4B-00C04F79EFBC}") = "Task1", "Task1.csproj", "{134594CF-F66D-4744-94B4-451DA1C53787}"
EndProject
Global
	GlobalSection(SolutionConfigurationPlatforms) = preSolution
		Debug|Any CPU = Debug|Any CPU
		Release|Any CPU = Release|Any CPU
	EndGlobalSection
	GlobalSection(ProjectConfigurationPlatforms) = postSolution
		{134594CF-F66D-4744-94B4-451DA1C53787}.Debug|Any CPU.ActiveCfg = Debug|Any CPU
		{134594CF-F66D-4744-94B4-451DA1C53787}.Debug|Any CPU.Build.0 = Debug|Any CPU
		{134594CF-F66D-4744-94B4-451DA1C53787}.Release|Any CPU.ActiveCfg = Release|Any CPU
		{134594CF-F66D-4744-94B4-451DA1C53787}.Release|Any CPU.Build.0 = Release|Any CPU
	EndGlobalSection
	GlobalSection(SolutionProperties) = preSolution
		HideSolutionNode = FALSE
	EndGlobalSection
	GlobalSection(ExtensibilityGlobals) = postSolution
		SolutionGuid = {3FA0108F-1666-4495-92C1-6EC1085F4856}
	EndGlobalSection
EndGlobal
