
Microsoft Visual Studio Solution File, Format Version 12.00
# Visual Studio Version 17
VisualStudioVersion = 17.14.36408.4 d17.14
MinimumVisualStudioVersion = 10.0.40219.1
Project("{FAE04EC0-301F-11D3-BF4B-00C04F79EFBC}") = "Task3", "Task3.csproj", "{DD7C56C4-147B-4654-AA66-8C10F168EE6D}"
EndProject
Global
	GlobalSection(SolutionConfigurationPlatforms) = preSolution
		Debug|Any CPU = Debug|Any CPU
		Release|Any CPU = Release|Any CPU
	EndGlobalSection
	GlobalSection(ProjectConfigurationPlatforms) = postSolution
		{DD7C56C4-147B-4654-AA66-8C10F168EE6D}.Debug|Any CPU.ActiveCfg = Debug|Any CPU
		{DD7C56C4-147B-4654-AA66-8C10F168EE6D}.Debug|Any CPU.Build.0 = Debug|Any CPU
		{DD7C56C4-147B-4654-AA66-8C10F168EE6D}.Release|Any CPU.ActiveCfg = Release|Any CPU
		{DD7C56C4-147B-4654-AA66-8C10F168EE6D}.Release|Any CPU.Build.0 = Release|Any CPU
	EndGlobalSection
	GlobalSection(SolutionProperties) = preSolution
		HideSolutionNode = FALSE
	EndGlobalSection
	GlobalSection(ExtensibilityGlobals) = postSolution
		SolutionGuid = {015C008D-6654-4C05-A1F5-376A7FF64CF7}
	EndGlobalSection
EndGlobal
